
Microsoft Visual Studio Solution File, Format Version 12.00
# Visual Studio Version 17
VisualStudioVersion = 17.10.35027.167
MinimumVisualStudioVersion = 10.0.40219.1
Project("{FAE04EC0-301F-11D3-BF4B-00C04F79EFBC}") = "sorting1", "sorting1\sorting1.csproj", "{EB35F4AF-BAF3-417E-8F38-6901C2AB51BE}"
EndProject
Global
	GlobalSection(SolutionConfigurationPlatforms) = preSolution
		Debug|Any CPU = Debug|Any CPU
		Release|Any CPU = Release|Any CPU
	EndGlobalSection
	GlobalSection(ProjectConfigurationPlatforms) = postSolution
		{EB35F4AF-BAF3-417E-8F38-6901C2AB51BE}.Debug|Any CPU.ActiveCfg = Debug|Any CPU
		{EB35F4AF-BAF3-417E-8F38-6901C2AB51BE}.Debug|Any CPU.Build.0 = Debug|Any CPU
		{EB35F4AF-BAF3-417E-8F38-6901C2AB51BE}.Release|Any CPU.ActiveCfg = Release|Any CPU
		{EB35F4AF-BAF3-417E-8F38-6901C2AB51BE}.Release|Any CPU.Build.0 = Release|Any CPU
	EndGlobalSection
	GlobalSection(SolutionProperties) = preSolution
		HideSolutionNode = FALSE
	EndGlobalSection
	GlobalSection(ExtensibilityGlobals) = postSolution
		SolutionGuid = {26CB57E3-FF12-4F0C-9F13-AAA1B315388C}
	EndGlobalSection
EndGlobal
